
Microsoft Visual Studio Solution File, Format Version 12.00
# Visual Studio 15
VisualStudioVersion = 15.0.28307.168
MinimumVisualStudioVersion = 10.0.40219.1
Project("{8BC9CEB8-8B4A-11D0-8D11-00A0C91BC942}") = "DirectoryWatcher", "DirectoryWatcher\DirectoryWatcher.vcxproj", "{346CB954-43EE-4EBC-9C9F-56DAB951735C}"
EndProject
Global
	GlobalSection(SolutionConfigurationPlatforms) = preSolution
		Debug|x64 = Debug|x64
		Debug|x86 = Debug|x86
		Release|x64 = Release|x64
		Release|x86 = Release|x86
	EndGlobalSection
	GlobalSection(ProjectConfigurationPlatforms) = postSolution
		{346CB954-43EE-4EBC-9C9F-56DAB951735C}.Debug|x64.ActiveCfg = Debug|x64
		{346CB954-43EE-4EBC-9C9F-56DAB951735C}.Debug|x64.Build.0 = Debug|x64
		{346CB954-43EE-4EBC-9C9F-56DAB951735C}.Debug|x86.ActiveCfg = Debug|Win32
		{346CB954-43EE-4EBC-9C9F-56DAB951735C}.Debug|x86.Build.0 = Debug|Win32
		{346CB954-43EE-4EBC-9C9F-56DAB951735C}.Release|x64.ActiveCfg = Release|x64
		{346CB954-43EE-4EBC-9C9F-56DAB951735C}.Release|x64.Build.0 = Release|x64
		{346CB954-43EE-4EBC-9C9F-56DAB951735C}.Release|x86.ActiveCfg = Release|Win32
		{346CB954-43EE-4EBC-9C9F-56DAB951735C}.Release|x86.Build.0 = Release|Win32
	EndGlobalSection
	GlobalSection(SolutionProperties) = preSolution
		HideSolutionNode = FALSE
	EndGlobalSection
	GlobalSection(ExtensibilityGlobals) = postSolution
		SolutionGuid = {4ABD97BD-9705-47CF-9339-138123156B66}
	EndGlobalSection
EndGlobal
